// !$*UTF8*$!
{
	archiveVersion = 1;
	classes = {
	};
	objectVersion = 46;
	objects = {

/* Begin PBXBuildFile section */
		5304F79C150BBBE400F8FCBA /* UIKit.framework in Frameworks */ = {isa = PBXBuildFile; fileRef = 5304F79B150BBBE400F8FCBA /* UIKit.framework */; };
		5304F79E150BBBE400F8FCBA /* Foundation.framework in Frameworks */ = {isa = PBXBuildFile; fileRef = 5304F79D150BBBE400F8FCBA /* Foundation.framework */; };
		5304F7A0150BBBE400F8FCBA /* CoreGraphics.framework in Frameworks */ = {isa = PBXBuildFile; fileRef = 5304F79F150BBBE400F8FCBA /* CoreGraphics.framework */; };
		5304F7A6150BBBE400F8FCBA /* InfoPlist.strings in Resources */ = {isa = PBXBuildFile; fileRef = 5304F7A4150BBBE400F8FCBA /* InfoPlist.strings */; };
		5304F7A8150BBBE400F8FCBA /* main.m in Sources */ = {isa = PBXBuildFile; fileRef = 5304F7A7150BBBE400F8FCBA /* main.m */; };
		5304F7AC150BBBE400F8FCBA /* AppDelegate.m in Sources */ = {isa = PBXBuildFile; fileRef = 5304F7AB150BBBE400F8FCBA /* AppDelegate.m */; };
		5304F7AF150BBBE400F8FCBA /* RootController.m in Sources */ = {isa = PBXBuildFile; fileRef = 5304F7AE150BBBE400F8FCBA /* RootController.m */; };
		5304F7B2150BBBE400F8FCBA /* RootController.xib in Resources */ = {isa = PBXBuildFile; fileRef = 5304F7B0150BBBE400F8FCBA /* RootController.xib */; };
		53AB55D215E7031B007ED148 /* AdicionarController.m in Sources */ = {isa = PBXBuildFile; fileRef = 53AB55D015E7031B007ED148 /* AdicionarController.m */; };
		53AB55D315E7031B007ED148 /* AdicionarController.xib in Resources */ = {isa = PBXBuildFile; fileRef = 53AB55D115E7031B007ED148 /* AdicionarController.xib */; };
		53AB55D715E708F9007ED148 /* ConfiguracoesController.m in Sources */ = {isa = PBXBuildFile; fileRef = 53AB55D515E708F9007ED148 /* ConfiguracoesController.m */; };
		53AB55D815E708F9007ED148 /* ConfiguracoesController.xib in Resources */ = {isa = PBXBuildFile; fileRef = 53AB55D615E708F9007ED148 /* ConfiguracoesController.xib */; };
		53AB55DC15E70DE9007ED148 /* DadosAcessoController.m in Sources */ = {isa = PBXBuildFile; fileRef = 53AB55DA15E70DE9007ED148 /* DadosAcessoController.m */; };
		53AB55DD15E70DE9007ED148 /* DadosAcessoController.xib in Resources */ = {isa = PBXBuildFile; fileRef = 53AB55DB15E70DE9007ED148 /* DadosAcessoController.xib */; };
/* End PBXBuildFile section */

/* Begin PBXFileReference section */
		5304F797150BBBE400F8FCBA /* NavigationControllerDemo.app */ = {isa = PBXFileReference; explicitFileType = wrapper.application; includeInIndex = 0; path = NavigationControllerDemo.app; sourceTree = BUILT_PRODUCTS_DIR; };
		5304F79B150BBBE400F8FCBA /* UIKit.framework */ = {isa = PBXFileReference; lastKnownFileType = wrapper.framework; name = UIKit.framework; path = System/Library/Frameworks/UIKit.framework; sourceTree = SDKROOT; };
		5304F79D150BBBE400F8FCBA /* Foundation.framework */ = {isa = PBXFileReference; lastKnownFileType = wrapper.framework; name = Foundation.framework; path = System/Library/Frameworks/Foundation.framework; sourceTree = SDKROOT; };
		5304F79F150BBBE400F8FCBA /* CoreGraphics.framework */ = {isa = PBXFileReference; lastKnownFileType = wrapper.framework; name = CoreGraphics.framework; path = System/Library/Frameworks/CoreGraphics.framework; sourceTree = SDKROOT; };
		5304F7A3150BBBE400F8FCBA /* NavigationControllerDemo-Info.plist */ = {isa = PBXFileReference; lastKnownFileType = text.plist.xml; path = "NavigationControllerDemo-Info.plist"; sourceTree = "<group>"; };
		5304F7A5150BBBE400F8FCBA /* en */ = {isa = PBXFileReference; lastKnownFileType = text.plist.strings; name = en; path = en.lproj/InfoPlist.strings; sourceTree = "<group>"; };
		5304F7A7150BBBE400F8FCBA /* main.m */ = {isa = PBXFileReference; lastKnownFileType = sourcecode.c.objc; path = main.m; sourceTree = "<group>"; };
		5304F7A9150BBBE400F8FCBA /* NavigationControllerDemo-Prefix.pch */ = {isa = PBXFileReference; lastKnownFileType = sourcecode.c.h; path = "NavigationControllerDemo-Prefix.pch"; sourceTree = "<group>"; };
		5304F7AA150BBBE400F8FCBA /* AppDelegate.h */ = {isa = PBXFileReference; lastKnownFileType = sourcecode.c.h; path = AppDelegate.h; sourceTree = "<group>"; };
		5304F7AB150BBBE400F8FCBA /* AppDelegate.m */ = {isa = PBXFileReference; lastKnownFileType = sourcecode.c.objc; path = AppDelegate.m; sourceTree = "<group>"; };
		5304F7AD150BBBE400F8FCBA /* RootController.h */ = {isa = PBXFileReference; lastKnownFileType = sourcecode.c.h; path = RootController.h; sourceTree = "<group>"; };
		5304F7AE150BBBE400F8FCBA /* RootController.m */ = {isa = PBXFileReference; lastKnownFileType = sourcecode.c.objc; path = RootController.m; sourceTree = "<group>"; };
		5304F7B1150BBBE400F8FCBA /* en */ = {isa = PBXFileReference; lastKnownFileType = file.xib; name = en; path = en.lproj/RootController.xib; sourceTree = "<group>"; };
		53AB55CF15E7031B007ED148 /* AdicionarController.h */ = {isa = PBXFileReference; fileEncoding = 4; lastKnownFileType = sourcecode.c.h; path = AdicionarController.h; sourceTree = "<group>"; };
		53AB55D015E7031B007ED148 /* AdicionarController.m */ = {isa = PBXFileReference; fileEncoding = 4; lastKnownFileType = sourcecode.c.objc; path = AdicionarController.m; sourceTree = "<group>"; };
		53AB55D115E7031B007ED148 /* AdicionarController.xib */ = {isa = PBXFileReference; fileEncoding = 4; lastKnownFileType = file.xib; path = AdicionarController.xib; sourceTree = "<group>"; };
		53AB55D415E708F9007ED148 /* ConfiguracoesController.h */ = {isa = PBXFileReference; fileEncoding = 4; lastKnownFileType = sourcecode.c.h; path = ConfiguracoesController.h; sourceTree = "<group>"; };
		53AB55D515E708F9007ED148 /* ConfiguracoesController.m */ = {isa = PBXFileReference; fileEncoding = 4; lastKnownFileType = sourcecode.c.objc; path = ConfiguracoesController.m; sourceTree = "<group>"; };
		53AB55D615E708F9007ED148 /* ConfiguracoesController.xib */ = {isa = PBXFileReference; fileEncoding = 4; lastKnownFileType = file.xib; path = ConfiguracoesController.xib; sourceTree = "<group>"; };
		53AB55D915E70DE9007ED148 /* DadosAcessoController.h */ = {isa = PBXFileReference; fileEncoding = 4; lastKnownFileType = sourcecode.c.h; path = DadosAcessoController.h; sourceTree = "<group>"; };
		53AB55DA15E70DE9007ED148 /* DadosAcessoController.m */ = {isa = PBXFileReference; fileEncoding = 4; lastKnownFileType = sourcecode.c.objc; path = DadosAcessoController.m; sourceTree = "<group>"; };
		53AB55DB15E70DE9007ED148 /* DadosAcessoController.xib */ = {isa = PBXFileReference; fileEncoding = 4; lastKnownFileType = file.xib; path = DadosAcessoController.xib; sourceTree = "<group>"; };
/* End PBXFileReference section */

/* Begin PBXFrameworksBuildPhase section */
		5304F794150BBBE400F8FCBA /* Frameworks */ = {
			isa = PBXFrameworksBuildPhase;
			buildActionMask = 2147483647;
			files = (
				5304F79C150BBBE400F8FCBA /* UIKit.framework in Frameworks */,
				5304F79E150BBBE400F8FCBA /* Foundation.framework in Frameworks */,
				5304F7A0150BBBE400F8FCBA /* CoreGraphics.framework in Frameworks */,
			);
			runOnlyForDeploymentPostprocessing = 0;
		};
/* End PBXFrameworksBuildPhase section */

/* Begin PBXGroup section */
		5304F78C150BBBE400F8FCBA = {
			isa = PBXGroup;
			children = (
				5304F7A1150BBBE400F8FCBA /* NavigationControllerDemo */,
				5304F79A150BBBE400F8FCBA /* Frameworks */,
				5304F798150BBBE400F8FCBA /* Products */,
			);
			sourceTree = "<group>";
		};
		5304F798150BBBE400F8FCBA /* Products */ = {
			isa = PBXGroup;
			children = (
				5304F797150BBBE400F8FCBA /* NavigationControllerDemo.app */,
			);
			name = Products;
			sourceTree = "<group>";
		};
		5304F79A150BBBE400F8FCBA /* Frameworks */ = {
			isa = PBXGroup;
			children = (
				5304F79B150BBBE400F8FCBA /* UIKit.framework */,
				5304F79D150BBBE400F8FCBA /* Foundation.framework */,
				5304F79F150BBBE400F8FCBA /* CoreGraphics.framework */,
			);
			name = Frameworks;
			sourceTree = "<group>";
		};
		5304F7A1150BBBE400F8FCBA /* NavigationControllerDemo */ = {
			isa = PBXGroup;
			children = (
				5304F7AA150BBBE400F8FCBA /* AppDelegate.h */,
				5304F7AB150BBBE400F8FCBA /* AppDelegate.m */,
				5304F7AD150BBBE400F8FCBA /* RootController.h */,
				5304F7AE150BBBE400F8FCBA /* RootController.m */,
				5304F7B0150BBBE400F8FCBA /* RootController.xib */,
				5304F7A2150BBBE400F8FCBA /* Supporting Files */,
				53AB55CF15E7031B007ED148 /* AdicionarController.h */,
				53AB55D015E7031B007ED148 /* AdicionarController.m */,
				53AB55D115E7031B007ED148 /* AdicionarController.xib */,
				53AB55D415E708F9007ED148 /* ConfiguracoesController.h */,
				53AB55D515E708F9007ED148 /* ConfiguracoesController.m */,
				53AB55D615E708F9007ED148 /* ConfiguracoesController.xib */,
				53AB55D915E70DE9007ED148 /* DadosAcessoController.h */,
				53AB55DA15E70DE9007ED148 /* DadosAcessoController.m */,
				53AB55DB15E70DE9007ED148 /* DadosAcessoController.xib */,
			);
			path = NavigationControllerDemo;
			sourceTree = "<group>";
		};
		5304F7A2150BBBE400F8FCBA /* Supporting Files */ = {
			isa = PBXGroup;
			children = (
				5304F7A3150BBBE400F8FCBA /* NavigationControllerDemo-Info.plist */,
				5304F7A4150BBBE400F8FCBA /* InfoPlist.strings */,
				5304F7A7150BBBE400F8FCBA /* main.m */,
				5304F7A9150BBBE400F8FCBA /* NavigationControllerDemo-Prefix.pch */,
			);
			name = "Supporting Files";
			sourceTree = "<group>";
		};
/* End PBXGroup section */

/* Begin PBXNativeTarget section */
		5304F796150BBBE400F8FCBA /* NavigationControllerDemo */ = {
			isa = PBXNativeTarget;
			buildConfigurationList = 5304F7B5150BBBE400F8FCBA /* Build configuration list for PBXNativeTarget "NavigationControllerDemo" */;
			buildPhases = (
				5304F793150BBBE400F8FCBA /* Sources */,
				5304F794150BBBE400F8FCBA /* Frameworks */,
				5304F795150BBBE400F8FCBA /* Resources */,
			);
			buildRules = (
			);
			dependencies = (
			);
			name = NavigationControllerDemo;
			productName = NavigationControllerDemo;
			productReference = 5304F797150BBBE400F8FCBA /* NavigationControllerDemo.app */;
			productType = "com.apple.product-type.application";
		};
/* End PBXNativeTarget section */

/* Begin PBXProject section */
		5304F78E150BBBE400F8FCBA /* Project object */ = {
			isa = PBXProject;
			attributes = {
				LastUpgradeCheck = 0430;
			};
			buildConfigurationList = 5304F791150BBBE400F8FCBA /* Build configuration list for PBXProject "NavigationControllerDemo" */;
			compatibilityVersion = "Xcode 3.2";
			developmentRegion = English;
			hasScannedForEncodings = 0;
			knownRegions = (
				en,
			);
			mainGroup = 5304F78C150BBBE400F8FCBA;
			productRefGroup = 5304F798150BBBE400F8FCBA /* Products */;
			projectDirPath = "";
			projectRoot = "";
			targets = (
				5304F796150BBBE400F8FCBA /* NavigationControllerDemo */,
			);
		};
/* End PBXProject section */

/* Begin PBXResourcesBuildPhase section */
		5304F795150BBBE400F8FCBA /* Resources */ = {
			isa = PBXResourcesBuildPhase;
			buildActionMask = 2147483647;
			files = (
				5304F7A6150BBBE400F8FCBA /* InfoPlist.strings in Resources */,
				5304F7B2150BBBE400F8FCBA /* RootController.xib in Resources */,
				53AB55D315E7031B007ED148 /* AdicionarController.xib in Resources */,
				53AB55D815E708F9007ED148 /* ConfiguracoesController.xib in Resources */,
				53AB55DD15E70DE9007ED148 /* DadosAcessoController.xib in Resources */,
			);
			runOnlyForDeploymentPostprocessing = 0;
		};
/* End PBXResourcesBuildPhase section */

/* Begin PBXSourcesBuildPhase section */
		5304F793150BBBE400F8FCBA /* Sources */ = {
			isa = PBXSourcesBuildPhase;
			buildActionMask = 2147483647;
			files = (
				5304F7A8150BBBE400F8FCBA /* main.m in Sources */,
				5304F7AC150BBBE400F8FCBA /* AppDelegate.m in Sources */,
				5304F7AF150BBBE400F8FCBA /* RootController.m in Sources */,
				53AB55D215E7031B007ED148 /* AdicionarController.m in Sources */,
				53AB55D715E708F9007ED148 /* ConfiguracoesController.m in Sources */,
				53AB55DC15E70DE9007ED148 /* DadosAcessoController.m in Sources */,
			);
			runOnlyForDeploymentPostprocessing = 0;
		};
/* End PBXSourcesBuildPhase section */

/* Begin PBXVariantGroup section */
		5304F7A4150BBBE400F8FCBA /* InfoPlist.strings */ = {
			isa = PBXVariantGroup;
			children = (
				5304F7A5150BBBE400F8FCBA /* en */,
			);
			name = InfoPlist.strings;
			sourceTree = "<group>";
		};
		5304F7B0150BBBE400F8FCBA /* RootController.xib */ = {
			isa = PBXVariantGroup;
			children = (
				5304F7B1150BBBE400F8FCBA /* en */,
			);
			name = RootController.xib;
			sourceTree = "<group>";
		};
/* End PBXVariantGroup section */

/* Begin XCBuildConfiguration section */
		5304F7B3150BBBE400F8FCBA /* Debug */ = {
			isa = XCBuildConfiguration;
			buildSettings = {
				ALWAYS_SEARCH_USER_PATHS = NO;
				ARCHS = "$(ARCHS_STANDARD_32_BIT)";
				"CODE_SIGN_IDENTITY[sdk=iphoneos*]" = "iPhone Developer";
				COPY_PHASE_STRIP = NO;
				GCC_C_LANGUAGE_STANDARD = gnu99;
				GCC_DYNAMIC_NO_PIC = NO;
				GCC_OPTIMIZATION_LEVEL = 0;
				GCC_PREPROCESSOR_DEFINITIONS = (
					"DEBUG=1",
					"$(inherited)",
				);
				GCC_SYMBOLS_PRIVATE_EXTERN = NO;
				GCC_VERSION = com.apple.compilers.llvm.clang.1_0;
				GCC_WARN_ABOUT_RETURN_TYPE = YES;
				GCC_WARN_UNINITIALIZED_AUTOS = YES;
				GCC_WARN_UNUSED_VARIABLE = YES;
				IPHONEOS_DEPLOYMENT_TARGET = 5.0;
				SDKROOT = iphoneos;
			};
			name = Debug;
		};
		5304F7B4150BBBE400F8FCBA /* Release */ = {
			isa = XCBuildConfiguration;
			buildSettings = {
				ALWAYS_SEARCH_USER_PATHS = NO;
				ARCHS = "$(ARCHS_STANDARD_32_BIT)";
				"CODE_SIGN_IDENTITY[sdk=iphoneos*]" = "iPhone Developer";
				COPY_PHASE_STRIP = YES;
				GCC_C_LANGUAGE_STANDARD = gnu99;
				GCC_VERSION = com.apple.compilers.llvm.clang.1_0;
				GCC_WARN_ABOUT_RETURN_TYPE = YES;
				GCC_WARN_UNINITIALIZED_AUTOS = YES;
				GCC_WARN_UNUSED_VARIABLE = YES;
				IPHONEOS_DEPLOYMENT_TARGET = 5.0;
				OTHER_CFLAGS = "-DNS_BLOCK_ASSERTIONS=1";
				SDKROOT = iphoneos;
				VALIDATE_PRODUCT = YES;
			};
			name = Release;
		};
		5304F7B6150BBBE400F8FCBA /* Debug */ = {
			isa = XCBuildConfiguration;
			buildSettings = {
				GCC_PRECOMPILE_PREFIX_HEADER = YES;
				GCC_PREFIX_HEADER = "NavigationControllerDemo/NavigationControllerDemo-Prefix.pch";
				INFOPLIST_FILE = "NavigationControllerDemo/NavigationControllerDemo-Info.plist";
				PRODUCT_NAME = "$(TARGET_NAME)";
				WRAPPER_EXTENSION = app;
			};
			name = Debug;
		};
		5304F7B7150BBBE400F8FCBA /* Release */ = {
			isa = XCBuildConfiguration;
			buildSettings = {
				GCC_PRECOMPILE_PREFIX_HEADER = YES;
				GCC_PREFIX_HEADER = "NavigationControllerDemo/NavigationControllerDemo-Prefix.pch";
				INFOPLIST_FILE = "NavigationControllerDemo/NavigationControllerDemo-Info.plist";
				PRODUCT_NAME = "$(TARGET_NAME)";
				WRAPPER_EXTENSION = app;
			};
			name = Release;
		};
/* End XCBuildConfiguration section */

/* Begin XCConfigurationList section */
		5304F791150BBBE400F8FCBA /* Build configuration list for PBXProject "NavigationControllerDemo" */ = {
			isa = XCConfigurationList;
			buildConfigurations = (
				5304F7B3150BBBE400F8FCBA /* Debug */,
				5304F7B4150BBBE400F8FCBA /* Release */,
			);
			defaultConfigurationIsVisible = 0;
			defaultConfigurationName = Release;
		};
		5304F7B5150BBBE400F8FCBA /* Build configuration list for PBXNativeTarget "NavigationControllerDemo" */ = {
			isa = XCConfigurationList;
			buildConfigurations = (
				5304F7B6150BBBE400F8FCBA /* Debug */,
				5304F7B7150BBBE400F8FCBA /* Release */,
			);
			defaultConfigurationIsVisible = 0;
			defaultConfigurationName = Release;
		};
/* End XCConfigurationList section */
	};
	rootObject = 5304F78E150BBBE400F8FCBA /* Project object */;
}
