// !$*UTF8*$!
{
	archiveVersion = 1;
	classes = {
	};
	objectVersion = 46;
	objects = {

/* Begin PBXBuildFile section */
		534FE40616052AB0005685F2 /* UIKit.framework in Frameworks */ = {isa = PBXBuildFile; fileRef = 534FE40516052AB0005685F2 /* UIKit.framework */; };
		534FE40816052AB0005685F2 /* Foundation.framework in Frameworks */ = {isa = PBXBuildFile; fileRef = 534FE40716052AB0005685F2 /* Foundation.framework */; };
		534FE40A16052AB0005685F2 /* CoreGraphics.framework in Frameworks */ = {isa = PBXBuildFile; fileRef = 534FE40916052AB0005685F2 /* CoreGraphics.framework */; };
		534FE41016052AB0005685F2 /* InfoPlist.strings in Resources */ = {isa = PBXBuildFile; fileRef = 534FE40E16052AB0005685F2 /* InfoPlist.strings */; };
		534FE41216052AB0005685F2 /* main.m in Sources */ = {isa = PBXBuildFile; fileRef = 534FE41116052AB0005685F2 /* main.m */; };
		534FE41616052AB0005685F2 /* AppDelegate.m in Sources */ = {isa = PBXBuildFile; fileRef = 534FE41516052AB0005685F2 /* AppDelegate.m */; };
		534FE41916052AB0005685F2 /* ViewController.m in Sources */ = {isa = PBXBuildFile; fileRef = 534FE41816052AB0005685F2 /* ViewController.m */; };
		534FE41C16052AB0005685F2 /* ViewController.xib in Resources */ = {isa = PBXBuildFile; fileRef = 534FE41A16052AB0005685F2 /* ViewController.xib */; };
		534FE42316052BB6005685F2 /* foto.jpg in Resources */ = {isa = PBXBuildFile; fileRef = 534FE42216052BB6005685F2 /* foto.jpg */; };
/* End PBXBuildFile section */

/* Begin PBXFileReference section */
		534FE40116052AB0005685F2 /* PinchZoomImagem.app */ = {isa = PBXFileReference; explicitFileType = wrapper.application; includeInIndex = 0; path = PinchZoomImagem.app; sourceTree = BUILT_PRODUCTS_DIR; };
		534FE40516052AB0005685F2 /* UIKit.framework */ = {isa = PBXFileReference; lastKnownFileType = wrapper.framework; name = UIKit.framework; path = System/Library/Frameworks/UIKit.framework; sourceTree = SDKROOT; };
		534FE40716052AB0005685F2 /* Foundation.framework */ = {isa = PBXFileReference; lastKnownFileType = wrapper.framework; name = Foundation.framework; path = System/Library/Frameworks/Foundation.framework; sourceTree = SDKROOT; };
		534FE40916052AB0005685F2 /* CoreGraphics.framework */ = {isa = PBXFileReference; lastKnownFileType = wrapper.framework; name = CoreGraphics.framework; path = System/Library/Frameworks/CoreGraphics.framework; sourceTree = SDKROOT; };
		534FE40D16052AB0005685F2 /* PinchZoomImagem-Info.plist */ = {isa = PBXFileReference; lastKnownFileType = text.plist.xml; path = "PinchZoomImagem-Info.plist"; sourceTree = "<group>"; };
		534FE40F16052AB0005685F2 /* en */ = {isa = PBXFileReference; lastKnownFileType = text.plist.strings; name = en; path = en.lproj/InfoPlist.strings; sourceTree = "<group>"; };
		534FE41116052AB0005685F2 /* main.m */ = {isa = PBXFileReference; lastKnownFileType = sourcecode.c.objc; path = main.m; sourceTree = "<group>"; };
		534FE41316052AB0005685F2 /* PinchZoomImagem-Prefix.pch */ = {isa = PBXFileReference; lastKnownFileType = sourcecode.c.h; path = "PinchZoomImagem-Prefix.pch"; sourceTree = "<group>"; };
		534FE41416052AB0005685F2 /* AppDelegate.h */ = {isa = PBXFileReference; lastKnownFileType = sourcecode.c.h; path = AppDelegate.h; sourceTree = "<group>"; };
		534FE41516052AB0005685F2 /* AppDelegate.m */ = {isa = PBXFileReference; lastKnownFileType = sourcecode.c.objc; path = AppDelegate.m; sourceTree = "<group>"; };
		534FE41716052AB0005685F2 /* ViewController.h */ = {isa = PBXFileReference; lastKnownFileType = sourcecode.c.h; path = ViewController.h; sourceTree = "<group>"; };
		534FE41816052AB0005685F2 /* ViewController.m */ = {isa = PBXFileReference; lastKnownFileType = sourcecode.c.objc; path = ViewController.m; sourceTree = "<group>"; };
		534FE41B16052AB0005685F2 /* en */ = {isa = PBXFileReference; lastKnownFileType = file.xib; name = en; path = en.lproj/ViewController.xib; sourceTree = "<group>"; };
		534FE42216052BB6005685F2 /* foto.jpg */ = {isa = PBXFileReference; lastKnownFileType = image.jpeg; name = foto.jpg; path = PinchZoomImagem/foto.jpg; sourceTree = "<group>"; };
/* End PBXFileReference section */

/* Begin PBXFrameworksBuildPhase section */
		534FE3FE16052AB0005685F2 /* Frameworks */ = {
			isa = PBXFrameworksBuildPhase;
			buildActionMask = 2147483647;
			files = (
				534FE40616052AB0005685F2 /* UIKit.framework in Frameworks */,
				534FE40816052AB0005685F2 /* Foundation.framework in Frameworks */,
				534FE40A16052AB0005685F2 /* CoreGraphics.framework in Frameworks */,
			);
			runOnlyForDeploymentPostprocessing = 0;
		};
/* End PBXFrameworksBuildPhase section */

/* Begin PBXGroup section */
		534FE3F616052AB0005685F2 = {
			isa = PBXGroup;
			children = (
				534FE42216052BB6005685F2 /* foto.jpg */,
				534FE40B16052AB0005685F2 /* PinchZoomImagem */,
				534FE40416052AB0005685F2 /* Frameworks */,
				534FE40216052AB0005685F2 /* Products */,
			);
			sourceTree = "<group>";
		};
		534FE40216052AB0005685F2 /* Products */ = {
			isa = PBXGroup;
			children = (
				534FE40116052AB0005685F2 /* PinchZoomImagem.app */,
			);
			name = Products;
			sourceTree = "<group>";
		};
		534FE40416052AB0005685F2 /* Frameworks */ = {
			isa = PBXGroup;
			children = (
				534FE40516052AB0005685F2 /* UIKit.framework */,
				534FE40716052AB0005685F2 /* Foundation.framework */,
				534FE40916052AB0005685F2 /* CoreGraphics.framework */,
			);
			name = Frameworks;
			sourceTree = "<group>";
		};
		534FE40B16052AB0005685F2 /* PinchZoomImagem */ = {
			isa = PBXGroup;
			children = (
				534FE41416052AB0005685F2 /* AppDelegate.h */,
				534FE41516052AB0005685F2 /* AppDelegate.m */,
				534FE41716052AB0005685F2 /* ViewController.h */,
				534FE41816052AB0005685F2 /* ViewController.m */,
				534FE41A16052AB0005685F2 /* ViewController.xib */,
				534FE40C16052AB0005685F2 /* Supporting Files */,
			);
			path = PinchZoomImagem;
			sourceTree = "<group>";
		};
		534FE40C16052AB0005685F2 /* Supporting Files */ = {
			isa = PBXGroup;
			children = (
				534FE40D16052AB0005685F2 /* PinchZoomImagem-Info.plist */,
				534FE40E16052AB0005685F2 /* InfoPlist.strings */,
				534FE41116052AB0005685F2 /* main.m */,
				534FE41316052AB0005685F2 /* PinchZoomImagem-Prefix.pch */,
			);
			name = "Supporting Files";
			sourceTree = "<group>";
		};
/* End PBXGroup section */

/* Begin PBXNativeTarget section */
		534FE40016052AB0005685F2 /* PinchZoomImagem */ = {
			isa = PBXNativeTarget;
			buildConfigurationList = 534FE41F16052AB0005685F2 /* Build configuration list for PBXNativeTarget "PinchZoomImagem" */;
			buildPhases = (
				534FE3FD16052AB0005685F2 /* Sources */,
				534FE3FE16052AB0005685F2 /* Frameworks */,
				534FE3FF16052AB0005685F2 /* Resources */,
			);
			buildRules = (
			);
			dependencies = (
			);
			name = PinchZoomImagem;
			productName = PinchZoomImagem;
			productReference = 534FE40116052AB0005685F2 /* PinchZoomImagem.app */;
			productType = "com.apple.product-type.application";
		};
/* End PBXNativeTarget section */

/* Begin PBXProject section */
		534FE3F816052AB0005685F2 /* Project object */ = {
			isa = PBXProject;
			attributes = {
				LastUpgradeCheck = 0430;
			};
			buildConfigurationList = 534FE3FB16052AB0005685F2 /* Build configuration list for PBXProject "PinchZoomImagem" */;
			compatibilityVersion = "Xcode 3.2";
			developmentRegion = English;
			hasScannedForEncodings = 0;
			knownRegions = (
				en,
			);
			mainGroup = 534FE3F616052AB0005685F2;
			productRefGroup = 534FE40216052AB0005685F2 /* Products */;
			projectDirPath = "";
			projectRoot = "";
			targets = (
				534FE40016052AB0005685F2 /* PinchZoomImagem */,
			);
		};
/* End PBXProject section */

/* Begin PBXResourcesBuildPhase section */
		534FE3FF16052AB0005685F2 /* Resources */ = {
			isa = PBXResourcesBuildPhase;
			buildActionMask = 2147483647;
			files = (
				534FE41016052AB0005685F2 /* InfoPlist.strings in Resources */,
				534FE41C16052AB0005685F2 /* ViewController.xib in Resources */,
				534FE42316052BB6005685F2 /* foto.jpg in Resources */,
			);
			runOnlyForDeploymentPostprocessing = 0;
		};
/* End PBXResourcesBuildPhase section */

/* Begin PBXSourcesBuildPhase section */
		534FE3FD16052AB0005685F2 /* Sources */ = {
			isa = PBXSourcesBuildPhase;
			buildActionMask = 2147483647;
			files = (
				534FE41216052AB0005685F2 /* main.m in Sources */,
				534FE41616052AB0005685F2 /* AppDelegate.m in Sources */,
				534FE41916052AB0005685F2 /* ViewController.m in Sources */,
			);
			runOnlyForDeploymentPostprocessing = 0;
		};
/* End PBXSourcesBuildPhase section */

/* Begin PBXVariantGroup section */
		534FE40E16052AB0005685F2 /* InfoPlist.strings */ = {
			isa = PBXVariantGroup;
			children = (
				534FE40F16052AB0005685F2 /* en */,
			);
			name = InfoPlist.strings;
			sourceTree = "<group>";
		};
		534FE41A16052AB0005685F2 /* ViewController.xib */ = {
			isa = PBXVariantGroup;
			children = (
				534FE41B16052AB0005685F2 /* en */,
			);
			name = ViewController.xib;
			sourceTree = "<group>";
		};
/* End PBXVariantGroup section */

/* Begin XCBuildConfiguration section */
		534FE41D16052AB0005685F2 /* Debug */ = {
			isa = XCBuildConfiguration;
			buildSettings = {
				ALWAYS_SEARCH_USER_PATHS = NO;
				ARCHS = "$(ARCHS_STANDARD_32_BIT)";
				"CODE_SIGN_IDENTITY[sdk=iphoneos*]" = "iPhone Developer";
				COPY_PHASE_STRIP = NO;
				GCC_C_LANGUAGE_STANDARD = gnu99;
				GCC_DYNAMIC_NO_PIC = NO;
				GCC_OPTIMIZATION_LEVEL = 0;
				GCC_PREPROCESSOR_DEFINITIONS = (
					"DEBUG=1",
					"$(inherited)",
				);
				GCC_SYMBOLS_PRIVATE_EXTERN = NO;
				GCC_VERSION = com.apple.compilers.llvm.clang.1_0;
				GCC_WARN_ABOUT_RETURN_TYPE = YES;
				GCC_WARN_UNINITIALIZED_AUTOS = YES;
				GCC_WARN_UNUSED_VARIABLE = YES;
				IPHONEOS_DEPLOYMENT_TARGET = 5.1;
				SDKROOT = iphoneos;
			};
			name = Debug;
		};
		534FE41E16052AB0005685F2 /* Release */ = {
			isa = XCBuildConfiguration;
			buildSettings = {
				ALWAYS_SEARCH_USER_PATHS = NO;
				ARCHS = "$(ARCHS_STANDARD_32_BIT)";
				"CODE_SIGN_IDENTITY[sdk=iphoneos*]" = "iPhone Developer";
				COPY_PHASE_STRIP = YES;
				GCC_C_LANGUAGE_STANDARD = gnu99;
				GCC_VERSION = com.apple.compilers.llvm.clang.1_0;
				GCC_WARN_ABOUT_RETURN_TYPE = YES;
				GCC_WARN_UNINITIALIZED_AUTOS = YES;
				GCC_WARN_UNUSED_VARIABLE = YES;
				IPHONEOS_DEPLOYMENT_TARGET = 5.1;
				OTHER_CFLAGS = "-DNS_BLOCK_ASSERTIONS=1";
				SDKROOT = iphoneos;
				VALIDATE_PRODUCT = YES;
			};
			name = Release;
		};
		534FE42016052AB0005685F2 /* Debug */ = {
			isa = XCBuildConfiguration;
			buildSettings = {
				GCC_PRECOMPILE_PREFIX_HEADER = YES;
				GCC_PREFIX_HEADER = "PinchZoomImagem/PinchZoomImagem-Prefix.pch";
				INFOPLIST_FILE = "PinchZoomImagem/PinchZoomImagem-Info.plist";
				PRODUCT_NAME = "$(TARGET_NAME)";
				WRAPPER_EXTENSION = app;
			};
			name = Debug;
		};
		534FE42116052AB0005685F2 /* Release */ = {
			isa = XCBuildConfiguration;
			buildSettings = {
				GCC_PRECOMPILE_PREFIX_HEADER = YES;
				GCC_PREFIX_HEADER = "PinchZoomImagem/PinchZoomImagem-Prefix.pch";
				INFOPLIST_FILE = "PinchZoomImagem/PinchZoomImagem-Info.plist";
				PRODUCT_NAME = "$(TARGET_NAME)";
				WRAPPER_EXTENSION = app;
			};
			name = Release;
		};
/* End XCBuildConfiguration section */

/* Begin XCConfigurationList section */
		534FE3FB16052AB0005685F2 /* Build configuration list for PBXProject "PinchZoomImagem" */ = {
			isa = XCConfigurationList;
			buildConfigurations = (
				534FE41D16052AB0005685F2 /* Debug */,
				534FE41E16052AB0005685F2 /* Release */,
			);
			defaultConfigurationIsVisible = 0;
			defaultConfigurationName = Release;
		};
		534FE41F16052AB0005685F2 /* Build configuration list for PBXNativeTarget "PinchZoomImagem" */ = {
			isa = XCConfigurationList;
			buildConfigurations = (
				534FE42016052AB0005685F2 /* Debug */,
				534FE42116052AB0005685F2 /* Release */,
			);
			defaultConfigurationIsVisible = 0;
		};
/* End XCConfigurationList section */
	};
	rootObject = 534FE3F816052AB0005685F2 /* Project object */;
}
